
Microsoft Visual Studio Solution File, Format Version 12.00
# Visual Studio 15
Project("{FAE04EC0-301F-11D3-BF4B-00C04F79EFBC}") = "Assembly-CSharp", "Assembly-CSharp.csproj", "{4E528F84-4EFE-30E9-F738-62CF9D23B129}"
EndProject
Project("{FAE04EC0-301F-11D3-BF4B-00C04F79EFBC}") = "Assembly-CSharp-Editor", "Assembly-CSharp-Editor.csproj", "{2F73218F-CE00-E16D-C9EB-D798CC48841C}"
EndProject
Global
	GlobalSection(SolutionConfigurationPlatforms) = preSolution
		Debug|Any CPU = Debug|Any CPU
		Release|Any CPU = Release|Any CPU
	EndGlobalSection
	GlobalSection(ProjectConfigurationPlatforms) = postSolution
		{4E528F84-4EFE-30E9-F738-62CF9D23B129}.Debug|Any CPU.ActiveCfg = Debug|Any CPU
		{4E528F84-4EFE-30E9-F738-62CF9D23B129}.Debug|Any CPU.Build.0 = Debug|Any CPU
		{4E528F84-4EFE-30E9-F738-62CF9D23B129}.Release|Any CPU.ActiveCfg = Release|Any CPU
		{4E528F84-4EFE-30E9-F738-62CF9D23B129}.Release|Any CPU.Build.0 = Release|Any CPU
		{2F73218F-CE00-E16D-C9EB-D798CC48841C}.Debug|Any CPU.ActiveCfg = Debug|Any CPU
		{2F73218F-CE00-E16D-C9EB-D798CC48841C}.Debug|Any CPU.Build.0 = Debug|Any CPU
		{2F73218F-CE00-E16D-C9EB-D798CC48841C}.Release|Any CPU.ActiveCfg = Release|Any CPU
		{2F73218F-CE00-E16D-C9EB-D798CC48841C}.Release|Any CPU.Build.0 = Release|Any CPU
	EndGlobalSection
	GlobalSection(SolutionProperties) = preSolution
		HideSolutionNode = FALSE
	EndGlobalSection
EndGlobal
